
Microsoft Visual Studio Solution File, Format Version 12.00
# Visual Studio Version 17
VisualStudioVersion = 17.1.31911.260
MinimumVisualStudioVersion = 10.0.40219.1
Project("{FAE04EC0-301F-11D3-BF4B-00C04F79EFBC}") = "Server", "Server\Server.csproj", "{C666CF70-A9EB-40F8-96D0-AF17008183CF}"
EndProject
Project("{FAE04EC0-301F-11D3-BF4B-00C04F79EFBC}") = "Client", "Client\Client.csproj", "{A6B2348C-B032-402C-86F2-39602ED41BB6}"
EndProject
Project("{FAE04EC0-301F-11D3-BF4B-00C04F79EFBC}") = "SharedContract", "SharedContract\SharedContract.csproj", "{F8DD5708-6C4F-46BD-B217-F9FCDF108475}"
EndProject
Project("{FAE04EC0-301F-11D3-BF4B-00C04F79EFBC}") = "MauiClient", "MauiClient\MauiClient.csproj", "{AE81DD85-7EB6-40B3-B4A8-59B254A4FACD}"
EndProject
Global
	GlobalSection(SolutionConfigurationPlatforms) = preSolution
		Debug|Any CPU = Debug|Any CPU
		Release|Any CPU = Release|Any CPU
	EndGlobalSection
	GlobalSection(ProjectConfigurationPlatforms) = postSolution
		{C666CF70-A9EB-40F8-96D0-AF17008183CF}.Debug|Any CPU.ActiveCfg = Debug|Any CPU
		{C666CF70-A9EB-40F8-96D0-AF17008183CF}.Debug|Any CPU.Build.0 = Debug|Any CPU
		{C666CF70-A9EB-40F8-96D0-AF17008183CF}.Release|Any CPU.ActiveCfg = Release|Any CPU
		{C666CF70-A9EB-40F8-96D0-AF17008183CF}.Release|Any CPU.Build.0 = Release|Any CPU
		{A6B2348C-B032-402C-86F2-39602ED41BB6}.Debug|Any CPU.ActiveCfg = Debug|Any CPU
		{A6B2348C-B032-402C-86F2-39602ED41BB6}.Debug|Any CPU.Build.0 = Debug|Any CPU
		{A6B2348C-B032-402C-86F2-39602ED41BB6}.Release|Any CPU.ActiveCfg = Release|Any CPU
		{A6B2348C-B032-402C-86F2-39602ED41BB6}.Release|Any CPU.Build.0 = Release|Any CPU
		{F8DD5708-6C4F-46BD-B217-F9FCDF108475}.Debug|Any CPU.ActiveCfg = Debug|Any CPU
		{F8DD5708-6C4F-46BD-B217-F9FCDF108475}.Debug|Any CPU.Build.0 = Debug|Any CPU
		{F8DD5708-6C4F-46BD-B217-F9FCDF108475}.Release|Any CPU.ActiveCfg = Release|Any CPU
		{F8DD5708-6C4F-46BD-B217-F9FCDF108475}.Release|Any CPU.Build.0 = Release|Any CPU
		{AE81DD85-7EB6-40B3-B4A8-59B254A4FACD}.Debug|Any CPU.ActiveCfg = Debug|Any CPU
		{AE81DD85-7EB6-40B3-B4A8-59B254A4FACD}.Debug|Any CPU.Build.0 = Debug|Any CPU
		{AE81DD85-7EB6-40B3-B4A8-59B254A4FACD}.Release|Any CPU.ActiveCfg = Release|Any CPU
		{AE81DD85-7EB6-40B3-B4A8-59B254A4FACD}.Release|Any CPU.Build.0 = Release|Any CPU
	EndGlobalSection
	GlobalSection(SolutionProperties) = preSolution
		HideSolutionNode = FALSE
	EndGlobalSection
	GlobalSection(ExtensibilityGlobals) = postSolution
		SolutionGuid = {B5AF3C0E-B419-453B-957E-4A67CC2575F1}
	EndGlobalSection
EndGlobal
